{
  "name": "intro-to-vue",
  "version": "1.0.0",
  "lockfileVersion": 2,
  "requires": true,
  "packages": {
    "": {
      "name": "intro-to-vue",
      "version": "1.0.0",
      "license": "ISC",
      "dependencies": {
        "verte": "^0.0.12"
      }
    },
    "node_modules/color-fns": {
      "version": "0.0.10",
      "resolved": "https://registry.npmjs.org/color-fns/-/color-fns-0.0.10.tgz",
      "integrity": "sha512-QFKowTE9CXCLp09Gz5cQo8VPUP55hf73iHEI52JC3NyKfMpQG2VoLWmTxYeTKH6ngkEnoMrCdEX//M6J4PVQBA=="
    },
    "node_modules/verte": {
      "version": "0.0.12",
      "resolved": "https://registry.npmjs.org/verte/-/verte-0.0.12.tgz",
      "integrity": "sha512-QEWpKkjAT8SLkNJzeiZxN7tJuUiTTFO51tg9dGIrkDlQhzbaM+bTT0wtDM2c/F+Ur9luE64qhsM4xI0Af3Ut1g==",
      "dependencies": {
        "color-fns": "^0.0.10"
      }
    }
  },
  "dependencies": {
    "color-fns": {
      "version": "0.0.10",
      "resolved": "https://registry.npmjs.org/color-fns/-/color-fns-0.0.10.tgz",
      "integrity": "sha512-QFKowTE9CXCLp09Gz5cQo8VPUP55hf73iHEI52JC3NyKfMpQG2VoLWmTxYeTKH6ngkEnoMrCdEX//M6J4PVQBA=="
    },
    "verte": {
      "version": "0.0.12",
      "resolved": "https://registry.npmjs.org/verte/-/verte-0.0.12.tgz",
      "integrity": "sha512-QEWpKkjAT8SLkNJzeiZxN7tJuUiTTFO51tg9dGIrkDlQhzbaM+bTT0wtDM2c/F+Ur9luE64qhsM4xI0Af3Ut1g==",
      "requires": {
        "color-fns": "^0.0.10"
      }
    }
  }
}
